{
  "name": "PMI",
  "lockfileVersion": 3,
  "requires": true,
  "packages": {
    "": {
      "dependencies": {
        "plotly.js-dist": "^2.26.1"
      }
    },
    "node_modules/plotly.js-dist": {
      "version": "2.26.1",
      "resolved": "https://registry.npmjs.org/plotly.js-dist/-/plotly.js-dist-2.26.1.tgz",
      "integrity": "sha512-CZVn7kJxoyqPF2u7Hx+5gkOxGymeumf3zNYYnBaJRVf7x4AlO1PcTwKDjkRmxLBsiGt0YZb5Q+sfkdp81J449w=="
    }
  }
}
